
Microsoft Visual Studio Solution File, Format Version 12.00
# Visual Studio 2015
Project("{FAE04EC0-301F-11D3-BF4B-00C04F79EFBC}") = "horror_slasher.CSharp.Plugins", "horror_slasher.CSharp.Plugins.csproj", "{0459CC66-BDC5-9FBF-7114-419A1683F539}"
EndProject
Project("{FAE04EC0-301F-11D3-BF4B-00C04F79EFBC}") = "horror_slasher.CSharp", "horror_slasher.CSharp.csproj", "{22FE2C6A-DC38-F884-E478-A562EDBB6A05}"
EndProject
Project("{FAE04EC0-301F-11D3-BF4B-00C04F79EFBC}") = "horror_slasher.CSharp.Editor", "horror_slasher.CSharp.Editor.csproj", "{F8D3DEF6-1C91-F2C6-3BAC-5DB2CA8869D4}"
EndProject
Global
	GlobalSection(SolutionConfigurationPlatforms) = preSolution
		Debug|Any CPU = Debug|Any CPU
		Release|Any CPU = Release|Any CPU
	EndGlobalSection
	GlobalSection(ProjectConfigurationPlatforms) = postSolution
		{0459CC66-BDC5-9FBF-7114-419A1683F539}.Debug|Any CPU.ActiveCfg = Debug|Any CPU
		{0459CC66-BDC5-9FBF-7114-419A1683F539}.Debug|Any CPU.Build.0 = Debug|Any CPU
		{0459CC66-BDC5-9FBF-7114-419A1683F539}.Release|Any CPU.ActiveCfg = Release|Any CPU
		{0459CC66-BDC5-9FBF-7114-419A1683F539}.Release|Any CPU.Build.0 = Release|Any CPU
		{22FE2C6A-DC38-F884-E478-A562EDBB6A05}.Debug|Any CPU.ActiveCfg = Debug|Any CPU
		{22FE2C6A-DC38-F884-E478-A562EDBB6A05}.Debug|Any CPU.Build.0 = Debug|Any CPU
		{22FE2C6A-DC38-F884-E478-A562EDBB6A05}.Release|Any CPU.ActiveCfg = Release|Any CPU
		{22FE2C6A-DC38-F884-E478-A562EDBB6A05}.Release|Any CPU.Build.0 = Release|Any CPU
		{F8D3DEF6-1C91-F2C6-3BAC-5DB2CA8869D4}.Debug|Any CPU.ActiveCfg = Debug|Any CPU
		{F8D3DEF6-1C91-F2C6-3BAC-5DB2CA8869D4}.Debug|Any CPU.Build.0 = Debug|Any CPU
		{F8D3DEF6-1C91-F2C6-3BAC-5DB2CA8869D4}.Release|Any CPU.ActiveCfg = Release|Any CPU
		{F8D3DEF6-1C91-F2C6-3BAC-5DB2CA8869D4}.Release|Any CPU.Build.0 = Release|Any CPU
	EndGlobalSection
	GlobalSection(SolutionProperties) = preSolution
		HideSolutionNode = FALSE
	EndGlobalSection
EndGlobal
